
Microsoft Visual Studio Solution File, Format Version 12.00
# Visual Studio Version 17
VisualStudioVersion = 17.7.34221.43
MinimumVisualStudioVersion = 10.0.40219.1
Project("{FAE04EC0-301F-11D3-BF4B-00C04F79EFBC}") = "Jardines", "Jardines.csproj", "{706D15E3-0CD1-4E9D-A49A-31D0DF786836}"
EndProject
Global
	GlobalSection(SolutionConfigurationPlatforms) = preSolution
		Debug|Any CPU = Debug|Any CPU
		Release|Any CPU = Release|Any CPU
	EndGlobalSection
	GlobalSection(ProjectConfigurationPlatforms) = postSolution
		{706D15E3-0CD1-4E9D-A49A-31D0DF786836}.Debug|Any CPU.ActiveCfg = Debug|Any CPU
		{706D15E3-0CD1-4E9D-A49A-31D0DF786836}.Debug|Any CPU.Build.0 = Debug|Any CPU
		{706D15E3-0CD1-4E9D-A49A-31D0DF786836}.Release|Any CPU.ActiveCfg = Release|Any CPU
		{706D15E3-0CD1-4E9D-A49A-31D0DF786836}.Release|Any CPU.Build.0 = Release|Any CPU
	EndGlobalSection
	GlobalSection(SolutionProperties) = preSolution
		HideSolutionNode = FALSE
	EndGlobalSection
	GlobalSection(ExtensibilityGlobals) = postSolution
		SolutionGuid = {627BEAE9-D2EB-4860-A569-AC310145D21C}
	EndGlobalSection
EndGlobal
